
Microsoft Visual Studio Solution File, Format Version 12.00
# Visual Studio Version 17
VisualStudioVersion = 17.8.34316.72
MinimumVisualStudioVersion = 10.0.40219.1
Project("{FAE04EC0-301F-11D3-BF4B-00C04F79EFBC}") = "BookManagement", "BookManagement\BookManagement.csproj", "{DD3C52CD-1CB2-4A5B-B594-04DA47D824C1}"
EndProject
Global
	GlobalSection(SolutionConfigurationPlatforms) = preSolution
		Debug|Any CPU = Debug|Any CPU
		Release|Any CPU = Release|Any CPU
	EndGlobalSection
	GlobalSection(ProjectConfigurationPlatforms) = postSolution
		{DD3C52CD-1CB2-4A5B-B594-04DA47D824C1}.Debug|Any CPU.ActiveCfg = Debug|Any CPU
		{DD3C52CD-1CB2-4A5B-B594-04DA47D824C1}.Debug|Any CPU.Build.0 = Debug|Any CPU
		{DD3C52CD-1CB2-4A5B-B594-04DA47D824C1}.Release|Any CPU.ActiveCfg = Release|Any CPU
		{DD3C52CD-1CB2-4A5B-B594-04DA47D824C1}.Release|Any CPU.Build.0 = Release|Any CPU
	EndGlobalSection
	GlobalSection(SolutionProperties) = preSolution
		HideSolutionNode = FALSE
	EndGlobalSection
	GlobalSection(ExtensibilityGlobals) = postSolution
		SolutionGuid = {317C88A7-B6FD-4A76-A885-70538EA5D017}
	EndGlobalSection
EndGlobal
